
Microsoft Visual Studio Solution File, Format Version 12.00
# Visual Studio 15
VisualStudioVersion = 15.0.26124.0
MinimumVisualStudioVersion = 15.0.26124.0
Project("{F2A71F9B-5D33-465A-A702-920D77279786}") = "Quartz.FSharp", "Quartz.FSharp\Quartz.FSharp.fsproj", "{A728EF82-098E-4195-B69F-0C3DACAE998D}"
EndProject
Project("{F2A71F9B-5D33-465A-A702-920D77279786}") = "Quartz.FSharp.Tests", "Quartz.FSharp.Tests\Quartz.FSharp.Tests.fsproj", "{8A5B2F54-DF83-47AE-8C9B-74A0E383F3AA}"
EndProject
Project("{F2A71F9B-5D33-465A-A702-920D77279786}") = "Quartz.FSharp.Unrecoverable.Demo", "Quartz.FSharp.Unrecoverable.Demo\Quartz.FSharp.Unrecoverable.Demo.fsproj", "{FC543E1E-C35A-48C1-9DD5-D2A70ACCE88E}"
EndProject
Global
	GlobalSection(SolutionConfigurationPlatforms) = preSolution
		Debug|Any CPU = Debug|Any CPU
		Debug|x64 = Debug|x64
		Debug|x86 = Debug|x86
		Release|Any CPU = Release|Any CPU
		Release|x64 = Release|x64
		Release|x86 = Release|x86
	EndGlobalSection
	GlobalSection(SolutionProperties) = preSolution
		HideSolutionNode = FALSE
	EndGlobalSection
	GlobalSection(ProjectConfigurationPlatforms) = postSolution
		{A728EF82-098E-4195-B69F-0C3DACAE998D}.Debug|Any CPU.ActiveCfg = Debug|Any CPU
		{A728EF82-098E-4195-B69F-0C3DACAE998D}.Debug|Any CPU.Build.0 = Debug|Any CPU
		{A728EF82-098E-4195-B69F-0C3DACAE998D}.Debug|x64.ActiveCfg = Debug|Any CPU
		{A728EF82-098E-4195-B69F-0C3DACAE998D}.Debug|x64.Build.0 = Debug|Any CPU
		{A728EF82-098E-4195-B69F-0C3DACAE998D}.Debug|x86.ActiveCfg = Debug|Any CPU
		{A728EF82-098E-4195-B69F-0C3DACAE998D}.Debug|x86.Build.0 = Debug|Any CPU
		{A728EF82-098E-4195-B69F-0C3DACAE998D}.Release|Any CPU.ActiveCfg = Release|Any CPU
		{A728EF82-098E-4195-B69F-0C3DACAE998D}.Release|Any CPU.Build.0 = Release|Any CPU
		{A728EF82-098E-4195-B69F-0C3DACAE998D}.Release|x64.ActiveCfg = Release|Any CPU
		{A728EF82-098E-4195-B69F-0C3DACAE998D}.Release|x64.Build.0 = Release|Any CPU
		{A728EF82-098E-4195-B69F-0C3DACAE998D}.Release|x86.ActiveCfg = Release|Any CPU
		{A728EF82-098E-4195-B69F-0C3DACAE998D}.Release|x86.Build.0 = Release|Any CPU
		{8A5B2F54-DF83-47AE-8C9B-74A0E383F3AA}.Debug|Any CPU.ActiveCfg = Debug|Any CPU
		{8A5B2F54-DF83-47AE-8C9B-74A0E383F3AA}.Debug|Any CPU.Build.0 = Debug|Any CPU
		{8A5B2F54-DF83-47AE-8C9B-74A0E383F3AA}.Debug|x64.ActiveCfg = Debug|Any CPU
		{8A5B2F54-DF83-47AE-8C9B-74A0E383F3AA}.Debug|x64.Build.0 = Debug|Any CPU
		{8A5B2F54-DF83-47AE-8C9B-74A0E383F3AA}.Debug|x86.ActiveCfg = Debug|Any CPU
		{8A5B2F54-DF83-47AE-8C9B-74A0E383F3AA}.Debug|x86.Build.0 = Debug|Any CPU
		{8A5B2F54-DF83-47AE-8C9B-74A0E383F3AA}.Release|Any CPU.ActiveCfg = Release|Any CPU
		{8A5B2F54-DF83-47AE-8C9B-74A0E383F3AA}.Release|Any CPU.Build.0 = Release|Any CPU
		{8A5B2F54-DF83-47AE-8C9B-74A0E383F3AA}.Release|x64.ActiveCfg = Release|Any CPU
		{8A5B2F54-DF83-47AE-8C9B-74A0E383F3AA}.Release|x64.Build.0 = Release|Any CPU
		{8A5B2F54-DF83-47AE-8C9B-74A0E383F3AA}.Release|x86.ActiveCfg = Release|Any CPU
		{8A5B2F54-DF83-47AE-8C9B-74A0E383F3AA}.Release|x86.Build.0 = Release|Any CPU
		{FC543E1E-C35A-48C1-9DD5-D2A70ACCE88E}.Debug|Any CPU.ActiveCfg = Debug|Any CPU
		{FC543E1E-C35A-48C1-9DD5-D2A70ACCE88E}.Debug|Any CPU.Build.0 = Debug|Any CPU
		{FC543E1E-C35A-48C1-9DD5-D2A70ACCE88E}.Debug|x64.ActiveCfg = Debug|Any CPU
		{FC543E1E-C35A-48C1-9DD5-D2A70ACCE88E}.Debug|x64.Build.0 = Debug|Any CPU
		{FC543E1E-C35A-48C1-9DD5-D2A70ACCE88E}.Debug|x86.ActiveCfg = Debug|Any CPU
		{FC543E1E-C35A-48C1-9DD5-D2A70ACCE88E}.Debug|x86.Build.0 = Debug|Any CPU
		{FC543E1E-C35A-48C1-9DD5-D2A70ACCE88E}.Release|Any CPU.ActiveCfg = Release|Any CPU
		{FC543E1E-C35A-48C1-9DD5-D2A70ACCE88E}.Release|Any CPU.Build.0 = Release|Any CPU
		{FC543E1E-C35A-48C1-9DD5-D2A70ACCE88E}.Release|x64.ActiveCfg = Release|Any CPU
		{FC543E1E-C35A-48C1-9DD5-D2A70ACCE88E}.Release|x64.Build.0 = Release|Any CPU
		{FC543E1E-C35A-48C1-9DD5-D2A70ACCE88E}.Release|x86.ActiveCfg = Release|Any CPU
		{FC543E1E-C35A-48C1-9DD5-D2A70ACCE88E}.Release|x86.Build.0 = Release|Any CPU
	EndGlobalSection
EndGlobal
